
Microsoft Visual Studio Solution File, Format Version 12.00
# Visual Studio 2012
Project("{FAE04EC0-301F-11D3-BF4B-00C04F79EFBC}") = "TestAdd", "TestAdd\TestAdd.csproj", "{8099F452-3F5A-4A66-92CB-6063FAD3FD92}"
EndProject
Global
	GlobalSection(SolutionConfigurationPlatforms) = preSolution
		Debug|x86 = Debug|x86
		Release|x86 = Release|x86
	EndGlobalSection
	GlobalSection(ProjectConfigurationPlatforms) = postSolution
		{8099F452-3F5A-4A66-92CB-6063FAD3FD92}.Debug|x86.ActiveCfg = Debug|x86
		{8099F452-3F5A-4A66-92CB-6063FAD3FD92}.Debug|x86.Build.0 = Debug|x86
		{8099F452-3F5A-4A66-92CB-6063FAD3FD92}.Release|x86.ActiveCfg = Release|x86
		{8099F452-3F5A-4A66-92CB-6063FAD3FD92}.Release|x86.Build.0 = Release|x86
	EndGlobalSection
EndGlobal
